// !$*UTF8*$!
{
	archiveVersion = 1;
	classes = {
	};
	objectVersion = 46;
	objects = {

/* Begin PBXBuildFile section */
		D569D0CA1AF1ED8B0000DE47 /* main.c in Sources */ = {isa = PBXBuildFile; fileRef = D569D0C91AF1ED8B0000DE47 /* main.c */; };
/* End PBXBuildFile section */

/* Begin PBXCopyFilesBuildPhase section */
		D569D0C41AF1ED8B0000DE47 /* CopyFiles */ = {
			isa = PBXCopyFilesBuildPhase;
			buildActionMask = 2147483647;
			dstPath = /usr/share/man/man1/;
			dstSubfolderSpec = 0;
			files = (
			);
			runOnlyForDeploymentPostprocessing = 1;
		};
/* End PBXCopyFilesBuildPhase section */

/* Begin PBXFileReference section */
		D569D0C61AF1ED8B0000DE47 /* FuzzBizzTwo */ = {isa = PBXFileReference; explicitFileType = "compiled.mach-o.executable"; includeInIndex = 0; path = FuzzBizzTwo; sourceTree = BUILT_PRODUCTS_DIR; };
		D569D0C91AF1ED8B0000DE47 /* main.c */ = {isa = PBXFileReference; lastKnownFileType = sourcecode.c.c; path = main.c; sourceTree = "<group>"; };
/* End PBXFileReference section */

/* Begin PBXFrameworksBuildPhase section */
		D569D0C31AF1ED8B0000DE47 /* Frameworks */ = {
			isa = PBXFrameworksBuildPhase;
			buildActionMask = 2147483647;
			files = (
			);
			runOnlyForDeploymentPostprocessing = 0;
		};
/* End PBXFrameworksBuildPhase section */

/* Begin PBXGroup section */
		D569D0BD1AF1ED8B0000DE47 = {
			isa = PBXGroup;
			children = (
				D569D0C81AF1ED8B0000DE47 /* FuzzBizzTwo */,
				D569D0C71AF1ED8B0000DE47 /* Products */,
			);
			sourceTree = "<group>";
		};
		D569D0C71AF1ED8B0000DE47 /* Products */ = {
			isa = PBXGroup;
			children = (
				D569D0C61AF1ED8B0000DE47 /* FuzzBizzTwo */,
			);
			name = Products;
			sourceTree = "<group>";
		};
		D569D0C81AF1ED8B0000DE47 /* FuzzBizzTwo */ = {
			isa = PBXGroup;
			children = (
				D569D0C91AF1ED8B0000DE47 /* main.c */,
			);
			path = FuzzBizzTwo;
			sourceTree = "<group>";
		};
/* End PBXGroup section */

/* Begin PBXNativeTarget section */
		D569D0C51AF1ED8B0000DE47 /* FuzzBizzTwo */ = {
			isa = PBXNativeTarget;
			buildConfigurationList = D569D0CD1AF1ED8B0000DE47 /* Build configuration list for PBXNativeTarget "FuzzBizzTwo" */;
			buildPhases = (
				D569D0C21AF1ED8B0000DE47 /* Sources */,
				D569D0C31AF1ED8B0000DE47 /* Frameworks */,
				D569D0C41AF1ED8B0000DE47 /* CopyFiles */,
			);
			buildRules = (
			);
			dependencies = (
			);
			name = FuzzBizzTwo;
			productName = FuzzBizzTwo;
			productReference = D569D0C61AF1ED8B0000DE47 /* FuzzBizzTwo */;
			productType = "com.apple.product-type.tool";
		};
/* End PBXNativeTarget section */

/* Begin PBXProject section */
		D569D0BE1AF1ED8B0000DE47 /* Project object */ = {
			isa = PBXProject;
			attributes = {
				LastUpgradeCheck = 0630;
				ORGANIZATIONNAME = "Sunny Surdhar";
				TargetAttributes = {
					D569D0C51AF1ED8B0000DE47 = {
						CreatedOnToolsVersion = 6.3;
					};
				};
			};
			buildConfigurationList = D569D0C11AF1ED8B0000DE47 /* Build configuration list for PBXProject "FuzzBizzTwo" */;
			compatibilityVersion = "Xcode 3.2";
			developmentRegion = English;
			hasScannedForEncodings = 0;
			knownRegions = (
				en,
			);
			mainGroup = D569D0BD1AF1ED8B0000DE47;
			productRefGroup = D569D0C71AF1ED8B0000DE47 /* Products */;
			projectDirPath = "";
			projectRoot = "";
			targets = (
				D569D0C51AF1ED8B0000DE47 /* FuzzBizzTwo */,
			);
		};
/* End PBXProject section */

/* Begin PBXSourcesBuildPhase section */
		D569D0C21AF1ED8B0000DE47 /* Sources */ = {
			isa = PBXSourcesBuildPhase;
			buildActionMask = 2147483647;
			files = (
				D569D0CA1AF1ED8B0000DE47 /* main.c in Sources */,
			);
			runOnlyForDeploymentPostprocessing = 0;
		};
/* End PBXSourcesBuildPhase section */

/* Begin XCBuildConfiguration section */
		D569D0CB1AF1ED8B0000DE47 /* Debug */ = {
			isa = XCBuildConfiguration;
			buildSettings = {
				ALWAYS_SEARCH_USER_PATHS = NO;
				CLANG_CXX_LANGUAGE_STANDARD = "gnu++0x";
				CLANG_CXX_LIBRARY = "libc++";
				CLANG_ENABLE_MODULES = YES;
				CLANG_ENABLE_OBJC_ARC = YES;
				CLANG_WARN_BOOL_CONVERSION = YES;
				CLANG_WARN_CONSTANT_CONVERSION = YES;
				CLANG_WARN_DIRECT_OBJC_ISA_USAGE = YES_ERROR;
				CLANG_WARN_EMPTY_BODY = YES;
				CLANG_WARN_ENUM_CONVERSION = YES;
				CLANG_WARN_INT_CONVERSION = YES;
				CLANG_WARN_OBJC_ROOT_CLASS = YES_ERROR;
				CLANG_WARN_UNREACHABLE_CODE = YES;
				CLANG_WARN__DUPLICATE_METHOD_MATCH = YES;
				COPY_PHASE_STRIP = NO;
				DEBUG_INFORMATION_FORMAT = dwarf;
				ENABLE_STRICT_OBJC_MSGSEND = YES;
				GCC_C_LANGUAGE_STANDARD = gnu99;
				GCC_DYNAMIC_NO_PIC = NO;
				GCC_NO_COMMON_BLOCKS = YES;
				GCC_OPTIMIZATION_LEVEL = 0;
				GCC_PREPROCESSOR_DEFINITIONS = (
					"DEBUG=1",
					"$(inherited)",
				);
				GCC_SYMBOLS_PRIVATE_EXTERN = NO;
				GCC_WARN_64_TO_32_BIT_CONVERSION = YES;
				GCC_WARN_ABOUT_RETURN_TYPE = YES_ERROR;
				GCC_WARN_UNDECLARED_SELECTOR = YES;
				GCC_WARN_UNINITIALIZED_AUTOS = YES_AGGRESSIVE;
				GCC_WARN_UNUSED_FUNCTION = YES;
				GCC_WARN_UNUSED_VARIABLE = YES;
				MACOSX_DEPLOYMENT_TARGET = 10.10;
				MTL_ENABLE_DEBUG_INFO = YES;
				ONLY_ACTIVE_ARCH = YES;
				SDKROOT = macosx;
			};
			name = Debug;
		};
		D569D0CC1AF1ED8B0000DE47 /* Release */ = {
			isa = XCBuildConfiguration;
			buildSettings = {
				ALWAYS_SEARCH_USER_PATHS = NO;
				CLANG_CXX_LANGUAGE_STANDARD = "gnu++0x";
				CLANG_CXX_LIBRARY = "libc++";
				CLANG_ENABLE_MODULES = YES;
				CLANG_ENABLE_OBJC_ARC = YES;
				CLANG_WARN_BOOL_CONVERSION = YES;
				CLANG_WARN_CONSTANT_CONVERSION = YES;
				CLANG_WARN_DIRECT_OBJC_ISA_USAGE = YES_ERROR;
				CLANG_WARN_EMPTY_BODY = YES;
				CLANG_WARN_ENUM_CONVERSION = YES;
				CLANG_WARN_INT_CONVERSION = YES;
				CLANG_WARN_OBJC_ROOT_CLASS = YES_ERROR;
				CLANG_WARN_UNREACHABLE_CODE = YES;
				CLANG_WARN__DUPLICATE_METHOD_MATCH = YES;
				COPY_PHASE_STRIP = NO;
				DEBUG_INFORMATION_FORMAT = "dwarf-with-dsym";
				ENABLE_NS_ASSERTIONS = NO;
				ENABLE_STRICT_OBJC_MSGSEND = YES;
				GCC_C_LANGUAGE_STANDARD = gnu99;
				GCC_NO_COMMON_BLOCKS = YES;
				GCC_WARN_64_TO_32_BIT_CONVERSION = YES;
				GCC_WARN_ABOUT_RETURN_TYPE = YES_ERROR;
				GCC_WARN_UNDECLARED_SELECTOR = YES;
				GCC_WARN_UNINITIALIZED_AUTOS = YES_AGGRESSIVE;
				GCC_WARN_UNUSED_FUNCTION = YES;
				GCC_WARN_UNUSED_VARIABLE = YES;
				MACOSX_DEPLOYMENT_TARGET = 10.10;
				MTL_ENABLE_DEBUG_INFO = NO;
				SDKROOT = macosx;
			};
			name = Release;
		};
		D569D0CE1AF1ED8B0000DE47 /* Debug */ = {
			isa = XCBuildConfiguration;
			buildSettings = {
				PRODUCT_NAME = "$(TARGET_NAME)";
			};
			name = Debug;
		};
		D569D0CF1AF1ED8B0000DE47 /* Release */ = {
			isa = XCBuildConfiguration;
			buildSettings = {
				PRODUCT_NAME = "$(TARGET_NAME)";
			};
			name = Release;
		};
/* End XCBuildConfiguration section */

/* Begin XCConfigurationList section */
		D569D0C11AF1ED8B0000DE47 /* Build configuration list for PBXProject "FuzzBizzTwo" */ = {
			isa = XCConfigurationList;
			buildConfigurations = (
				D569D0CB1AF1ED8B0000DE47 /* Debug */,
				D569D0CC1AF1ED8B0000DE47 /* Release */,
			);
			defaultConfigurationIsVisible = 0;
			defaultConfigurationName = Release;
		};
		D569D0CD1AF1ED8B0000DE47 /* Build configuration list for PBXNativeTarget "FuzzBizzTwo" */ = {
			isa = XCConfigurationList;
			buildConfigurations = (
				D569D0CE1AF1ED8B0000DE47 /* Debug */,
				D569D0CF1AF1ED8B0000DE47 /* Release */,
			);
			defaultConfigurationIsVisible = 0;
		};
/* End XCConfigurationList section */
	};
	rootObject = D569D0BE1AF1ED8B0000DE47 /* Project object */;
}
